<?xml version="1.0" encoding="utf-8"?>
<Project ToolsVersion="4.0" xmlns="http://schemas.microsoft.com/developer/msbuild/2003">
  <ItemGroup>
    <Filter Include="Math">
      <UniqueIdentifier>{4FC737F1-C7A5-4376-A066-2A32D752A2FF}</UniqueIdentifier>
      <Extensions>cpp;c;cc;cxx;def;odl;idl;hpj;bat;asm;asmx</Extensions>
    </Filter>
    <Filter Include="Renderer">
      <UniqueIdentifier>{ddb17eba-e15e-4597-8bf6-064b16b159d3}</UniqueIdentifier>
    </Filter>
    <Filter Include="Helpers">
      <UniqueIdentifier>{72056cb6-72a2-42b7-b05e-376f1ddd957e}</UniqueIdentifier>
    </Filter>
    <Filter Include="Renderer\Shading">
      <UniqueIdentifier>{91bf32d7-4f89-4d7b-a153-ced054ed0164}</UniqueIdentifier>
    </Filter>
    <Filter Include="Renderer\Scene">
      <UniqueIdentifier>{8690a602-8b77-4fdf-b6b4-df836c64b59d}</UniqueIdentifier>
    </Filter>
    <Filter Include="Renderer\Primitives">
      <UniqueIdentifier>{f5361e00-de33-4604-9f1c-a8114c463705}</UniqueIdentifier>
    </Filter>
    <Filter Include="Renderer\Managers">
      <UniqueIdentifier>{bd941deb-5075-42e2-be5c-0005058fee45}</UniqueIdentifier>
    </Filter>
    <Filter Include="Renderer\Camera">
      <UniqueIdentifier>{bac9ddf0-4cdc-4dcb-8ada-100aac8adb8e}</UniqueIdentifier>
    </Filter>
    <Filter Include="Renderer\Threading">
      <UniqueIdentifier>{ad7d91b2-06d0-438a-b39c-1c774483e5b1}</UniqueIdentifier>
    </Filter>
    <Filter Include="Renderer\Lights">
      <UniqueIdentifier>{4ece9643-b2d1-4a05-9365-4cf78abec7d8}</UniqueIdentifier>
    </Filter>
  </ItemGroup>
  <ItemGroup>
    <None Include="RayTracer.props" />
  </ItemGroup>
  <ItemGroup>
    <ClInclude Include="EMath.h">
      <Filter>Math</Filter>
    </ClInclude>
    <ClInclude Include="EMathUtilities.h">
      <Filter>Math</Filter>
    </ClInclude>
    <ClInclude Include="EMatrix.h">
      <Filter>Math</Filter>
    </ClInclude>
    <ClInclude Include="EMatrix2.h">
      <Filter>Math</Filter>
    </ClInclude>
    <ClInclude Include="EMatrix3.h">
      <Filter>Math</Filter>
    </ClInclude>
    <ClInclude Include="EMatrix4.h">
      <Filter>Math</Filter>
    </ClInclude>
    <ClInclude Include="EPoint.h">
      <Filter>Math</Filter>
    </ClInclude>
    <ClInclude Include="EPoint2.h">
      <Filter>Math</Filter>
    </ClInclude>
    <ClInclude Include="EPoint3.h">
      <Filter>Math</Filter>
    </ClInclude>
    <ClInclude Include="EPoint4.h">
      <Filter>Math</Filter>
    </ClInclude>
    <ClInclude Include="EVector.h">
      <Filter>Math</Filter>
    </ClInclude>
    <ClInclude Include="EVector2.h">
      <Filter>Math</Filter>
    </ClInclude>
    <ClInclude Include="EVector3.h">
      <Filter>Math</Filter>
    </ClInclude>
    <ClInclude Include="EVector4.h">
      <Filter>Math</Filter>
    </ClInclude>
    <ClInclude Include="ERenderer.h">
      <Filter>Renderer</Filter>
    </ClInclude>
    <ClInclude Include="ERGBColor.h">
      <Filter>Helpers</Filter>
    </ClInclude>
    <ClInclude Include="ETimer.h">
      <Filter>Helpers</Filter>
    </ClInclude>
    <ClInclude Include="Materials.h">
      <Filter>Renderer\Shading</Filter>
    </ClInclude>
    <ClInclude Include="IPrimitive.h">
      <Filter>Renderer\Primitives</Filter>
    </ClInclude>
    <ClInclude Include="Plane.h">
      <Filter>Renderer\Primitives</Filter>
    </ClInclude>
    <ClInclude Include="Triangle.h">
      <Filter>Renderer\Primitives</Filter>
    </ClInclude>
    <ClInclude Include="Sphere.h">
      <Filter>Renderer\Primitives</Filter>
    </ClInclude>
    <ClInclude Include="SceneGraph.h">
      <Filter>Renderer\Managers</Filter>
    </ClInclude>
    <ClInclude Include="SceneBuilder.h">
      <Filter>Renderer\Managers</Filter>
    </ClInclude>
    <ClInclude Include="AnimationSystem.h">
      <Filter>Renderer\Managers</Filter>
    </ClInclude>
    <ClInclude Include="TriangleMesh.h">
      <Filter>Renderer\Primitives</Filter>
    </ClInclude>
    <ClInclude Include="OBJParser.h">
      <Filter>Renderer\Scene</Filter>
    </ClInclude>
    <ClInclude Include="Camera.h">
      <Filter>Renderer\Camera</Filter>
    </ClInclude>
    <ClInclude Include="InputManager.h">
      <Filter>Renderer\Managers</Filter>
    </ClInclude>
    <ClInclude Include="ThreadPool.h">
      <Filter>Renderer\Threading</Filter>
    </ClInclude>
    <ClInclude Include="Lights.h">
      <Filter>Renderer\Lights</Filter>
    </ClInclude>
  </ItemGroup>
  <ItemGroup>
    <ClCompile Include="ERenderer.cpp">
      <Filter>Renderer</Filter>
    </ClCompile>
    <ClCompile Include="main.cpp" />
    <ClCompile Include="ETimer.cpp">
      <Filter>Helpers</Filter>
    </ClCompile>
    <ClCompile Include="BRDF.cpp">
      <Filter>Renderer\Shading</Filter>
    </ClCompile>
    <ClCompile Include="BRDF.h">
      <Filter>Renderer\Shading</Filter>
    </ClCompile>
    <ClCompile Include="Materials.cpp">
      <Filter>Renderer\Shading</Filter>
    </ClCompile>
    <ClCompile Include="IPrimitive.cpp">
      <Filter>Renderer\Primitives</Filter>
    </ClCompile>
    <ClCompile Include="Plane.cpp">
      <Filter>Renderer\Primitives</Filter>
    </ClCompile>
    <ClCompile Include="Sphere.cpp">
      <Filter>Renderer\Primitives</Filter>
    </ClCompile>
    <ClCompile Include="Triangle.cpp">
      <Filter>Renderer\Primitives</Filter>
    </ClCompile>
    <ClCompile Include="SceneGraph.cpp">
      <Filter>Renderer\Managers</Filter>
    </ClCompile>
    <ClCompile Include="SceneBuilder.cpp">
      <Filter>Renderer\Managers</Filter>
    </ClCompile>
    <ClCompile Include="AnimationSystem.cpp">
      <Filter>Renderer\Managers</Filter>
    </ClCompile>
    <ClCompile Include="TriangleMesh.cpp">
      <Filter>Renderer\Primitives</Filter>
    </ClCompile>
    <ClCompile Include="OBJParser.cpp">
      <Filter>Renderer\Scene</Filter>
    </ClCompile>
    <ClCompile Include="Camera.cpp">
      <Filter>Renderer\Camera</Filter>
    </ClCompile>
    <ClCompile Include="InputManager.cpp">
      <Filter>Renderer\Managers</Filter>
    </ClCompile>
    <ClCompile Include="ThreadPool.cpp">
      <Filter>Renderer\Threading</Filter>
    </ClCompile>
    <ClCompile Include="Lights.cpp">
      <Filter>Renderer\Lights</Filter>
    </ClCompile>
  </ItemGroup>
</Project>